
Microsoft Visual Studio Solution File, Format Version 12.00
# Visual Studio Version 17
VisualStudioVersion = 17.14.36603.0
MinimumVisualStudioVersion = 10.0.40219.1
Project("{FAE04EC0-301F-11D3-BF4B-00C04F79EFBC}") = "HelloWorld", "HelloWorld\HelloWorld.csproj", "{9F12BDEC-CAF8-48E4-9F9A-7ECB4B720F12}"
EndProject
Project("{FAE04EC0-301F-11D3-BF4B-00C04F79EFBC}") = "FindNum", "FindNum\FindNum.csproj", "{2116DB14-9A60-4080-921F-8047EBC698AE}"
EndProject
Project("{FAE04EC0-301F-11D3-BF4B-00C04F79EFBC}") = "Method", "Method\Method.csproj", "{BFBEF655-7729-4D75-9637-536BFA26816C}"
EndProject
Project("{FAE04EC0-301F-11D3-BF4B-00C04F79EFBC}") = "Exception", "Exception\Exception.csproj", "{45FF9AD7-C594-4BC4-96F7-22C52BA8DA3C}"
EndProject
Global
	GlobalSection(SolutionConfigurationPlatforms) = preSolution
		Debug|Any CPU = Debug|Any CPU
		Release|Any CPU = Release|Any CPU
	EndGlobalSection
	GlobalSection(ProjectConfigurationPlatforms) = postSolution
		{9F12BDEC-CAF8-48E4-9F9A-7ECB4B720F12}.Debug|Any CPU.ActiveCfg = Debug|Any CPU
		{9F12BDEC-CAF8-48E4-9F9A-7ECB4B720F12}.Debug|Any CPU.Build.0 = Debug|Any CPU
		{9F12BDEC-CAF8-48E4-9F9A-7ECB4B720F12}.Release|Any CPU.ActiveCfg = Release|Any CPU
		{9F12BDEC-CAF8-48E4-9F9A-7ECB4B720F12}.Release|Any CPU.Build.0 = Release|Any CPU
		{2116DB14-9A60-4080-921F-8047EBC698AE}.Debug|Any CPU.ActiveCfg = Debug|Any CPU
		{2116DB14-9A60-4080-921F-8047EBC698AE}.Debug|Any CPU.Build.0 = Debug|Any CPU
		{2116DB14-9A60-4080-921F-8047EBC698AE}.Release|Any CPU.ActiveCfg = Release|Any CPU
		{2116DB14-9A60-4080-921F-8047EBC698AE}.Release|Any CPU.Build.0 = Release|Any CPU
		{BFBEF655-7729-4D75-9637-536BFA26816C}.Debug|Any CPU.ActiveCfg = Debug|Any CPU
		{BFBEF655-7729-4D75-9637-536BFA26816C}.Debug|Any CPU.Build.0 = Debug|Any CPU
		{BFBEF655-7729-4D75-9637-536BFA26816C}.Release|Any CPU.ActiveCfg = Release|Any CPU
		{BFBEF655-7729-4D75-9637-536BFA26816C}.Release|Any CPU.Build.0 = Release|Any CPU
		{45FF9AD7-C594-4BC4-96F7-22C52BA8DA3C}.Debug|Any CPU.ActiveCfg = Debug|Any CPU
		{45FF9AD7-C594-4BC4-96F7-22C52BA8DA3C}.Debug|Any CPU.Build.0 = Debug|Any CPU
		{45FF9AD7-C594-4BC4-96F7-22C52BA8DA3C}.Release|Any CPU.ActiveCfg = Release|Any CPU
		{45FF9AD7-C594-4BC4-96F7-22C52BA8DA3C}.Release|Any CPU.Build.0 = Release|Any CPU
	EndGlobalSection
	GlobalSection(SolutionProperties) = preSolution
		HideSolutionNode = FALSE
	EndGlobalSection
	GlobalSection(ExtensibilityGlobals) = postSolution
		SolutionGuid = {A3229FAE-47BC-44FB-ADE8-666C6F9465FC}
	EndGlobalSection
EndGlobal
